
Microsoft Visual Studio Solution File, Format Version 12.00
# Visual Studio Version 17
VisualStudioVersion = 17.9.34728.123
MinimumVisualStudioVersion = 10.0.40219.1
Project("{9A19103F-16F7-4668-BE54-9A1E7A4F7556}") = "Club", "Club\Club.csproj", "{D448FADB-170E-4EB2-B72B-58919161883B}"
EndProject
Global
	GlobalSection(SolutionConfigurationPlatforms) = preSolution
		Debug|Any CPU = Debug|Any CPU
		Release|Any CPU = Release|Any CPU
	EndGlobalSection
	GlobalSection(ProjectConfigurationPlatforms) = postSolution
		{D448FADB-170E-4EB2-B72B-58919161883B}.Debug|Any CPU.ActiveCfg = Debug|Any CPU
		{D448FADB-170E-4EB2-B72B-58919161883B}.Debug|Any CPU.Build.0 = Debug|Any CPU
		{D448FADB-170E-4EB2-B72B-58919161883B}.Release|Any CPU.ActiveCfg = Release|Any CPU
		{D448FADB-170E-4EB2-B72B-58919161883B}.Release|Any CPU.Build.0 = Release|Any CPU
	EndGlobalSection
	GlobalSection(SolutionProperties) = preSolution
		HideSolutionNode = FALSE
	EndGlobalSection
	GlobalSection(ExtensibilityGlobals) = postSolution
		SolutionGuid = {CFA2E15F-9207-40FC-8B88-1BF6BD0DFF9E}
	EndGlobalSection
EndGlobal
